{
  "version": 4,
  "terraform_version": "1.1.9",
  "serial": 1312,
  "lineage": "85b235fb-2662-4ac8-7623-81ec2d822186",
  "outputs": {},
  "resources": [
    {
      "mode": "data",
      "type": "aws_caller_identity",
      "name": "current",
      "provider": "provider[\"registry.terraform.io/hashicorp/aws\"]",
      "instances": [
        {
          "schema_version": 0,
          "attributes": {
            "account_id": "982063376835",
            "arn": "arn:aws:iam::982063376835:user/IBRA",
            "id": "982063376835",
            "user_id": "AIDA6JJ4J5HB2CFBIDDOD"
          },
          "sensitive_attributes": []
        }
      ]
    },
    {
      "mode": "data",
      "type": "aws_eks_cluster",
      "name": "eks-cluster",
      "provider": "provider[\"registry.terraform.io/hashicorp/aws\"]",
      "instances": [
        {
          "schema_version": 0,
          "attributes": {
            "arn": "arn:aws:eks:us-east-1:982063376835:cluster/eks-cluster",
            "certificate_authority": [
              {
                "data": "LS0tLS1CRUdJTiBDRVJUSUZJQ0FURS0tLS0tCk1JSUMvakNDQWVhZ0F3SUJBZ0lCQURBTkJna3Foa2lHOXcwQkFRc0ZBREFWTVJNd0VRWURWUVFERXdwcmRXSmwKY201bGRHVnpNQjRYRFRJek1ETXlOVEl3TVRNME5sb1hEVE16TURNeU1qSXdNVE0wTmxvd0ZURVRNQkVHQTFVRQpBeE1LYTNWaVpYSnVaWFJsY3pDQ0FTSXdEUVlKS29aSWh2Y05BUUVCQlFBRGdnRVBBRENDQVFvQ2dnRUJBTk1LClR1MElqY2Q1blVPSFFWSnhaY1g3a3NyV2wxdVEwN1JqdEltU2pZU1g0M3c1Nm1pWHpqeGxXdUEzY2ZGRW9xMHUKS21IVGsyVSt0M2RjMDd3OVRya0xrdGw3MExsQ21MdmYzQmJwR3lzTFJYQzh5Z1pZc0lRVWh3TWFOM3h5Mmw3UAp4UmNpZzZEUHg5OWM5R3pWUkZ1bVZRNmhlZ1ZRNnJ3U1FhcFJ1bm83TkdLZnZFMFRDd2g3VjlaYWVEUjMwUytjCnc5OUU2WnRrUlcrUFcyYzlqdFBrUkl1d2pzU2ZINENFYW1qYXZyQVlBSVBYeVRENkJzenpPWE9Tcy90cDZuZW4KYTVuMFpZMEptUTA2Q1JBY3ZNdnB2bnVmU21mblpxMDJVa2s2U01ZaXpnR0hFOGRINStYUUJXdHhVeWVzT1gzaQo3a2RMTHVDOUZHSzh2RHBmRWIwQ0F3RUFBYU5aTUZjd0RnWURWUjBQQVFIL0JBUURBZ0trTUE4R0ExVWRFd0VCCi93UUZNQU1CQWY4d0hRWURWUjBPQkJZRUZBQWhNMnh2WmQxcGR6c2hscnpWVTBSNnNQaTVNQlVHQTFVZEVRUU8KTUF5Q0NtdDFZbVZ5Ym1WMFpYTXdEUVlKS29aSWh2Y05BUUVMQlFBRGdnRUJBRlZuSitlMGNKcTF4OWdneVF2egpBYWRTbG0yQU0xb05qUklxd0w3VWdsb1lTL2lZeEVGRk5LZFMxZnJpQS8zVDRQTmg4NFMrSDlHMmxPZUIyeXdVCjV1NVkrNjhOYnRrOHUraGxNWG41SXE3bHk1Y0laVWZGakM0bTgrTG5acERkNitGcUtRTnBxYTNrYVJWay9lMGMKMlgzSHd6eU9JTnBCazVURk5QTG9SRDVCRzd2R3k5SjR2dkNkcXNwRllkTEoxT2VTUGJIOFVjZUprOWlWQi9rRQo0dWNLOFRCRTFibzE1VnVLZ3lVUi9rK29BY1JXZ2dxbFJCS1VqVit5U1p1cU1hL1k0ZzBDa1hRWFR3RWhua1JUCjJCWXNvVzRUNGoxU1U1YWU4NHpqQnhiU2lOcmVHbHlONThtTVl3Rk9xdkdBZWo3eUcwaW9DL0p0V2QxcHBwY0UKNzFRPQotLS0tLUVORCBDRVJUSUZJQ0FURS0tLS0tCg=="
              }
            ],
            "cluster_id": null,
            "created_at": "2023-03-25 20:07:37.296 +0000 UTC",
            "enabled_cluster_log_types": [],
            "endpoint": "https://0CCC526BDDD65BD9CED06C7F8093AFE7.gr7.us-east-1.eks.amazonaws.com",
            "id": "eks-cluster",
            "identity": [
              {
                "oidc": [
                  {
                    "issuer": "https://oidc.eks.us-east-1.amazonaws.com/id/0CCC526BDDD65BD9CED06C7F8093AFE7"
                  }
                ]
              }
            ],
            "kubernetes_network_config": [
              {
                "ip_family": "ipv4",
                "service_ipv4_cidr": "10.100.0.0/16",
                "service_ipv6_cidr": ""
              }
            ],
            "name": "eks-cluster",
            "outpost_config": [],
            "platform_version": "eks.10",
            "role_arn": "arn:aws:iam::982063376835:role/EKSClusterRole",
            "status": "ACTIVE",
            "tags": {},
            "version": "1.22",
            "vpc_config": [
              {
                "cluster_security_group_id": "sg-04acd6bd3b3ef8152",
                "endpoint_private_access": false,
                "endpoint_public_access": true,
                "public_access_cidrs": [
                  "0.0.0.0/0"
                ],
                "security_group_ids": [
                  "sg-0c71767a2ac57ccab"
                ],
                "subnet_ids": [
                  "subnet-0564a220edf14ef44",
                  "subnet-0b324e15ab8f01d86",
                  "subnet-0bb417653370e3b0d",
                  "subnet-0e128ec33097fb11b"
                ],
                "vpc_id": "vpc-081eb28a7eb606c26"
              }
            ]
          },
          "sensitive_attributes": []
        }
      ]
    },
    {
      "mode": "data",
      "type": "aws_region",
      "name": "current",
      "provider": "provider[\"registry.terraform.io/hashicorp/aws\"]",
      "instances": [
        {
          "schema_version": 0,
          "attributes": {
            "description": "US East (N. Virginia)",
            "endpoint": "ec2.us-east-1.amazonaws.com",
            "id": "us-east-1",
            "name": "us-east-1"
          },
          "sensitive_attributes": []
        }
      ]
    },
    {
      "mode": "managed",
      "type": "aws_eks_addon",
      "name": "addons",
      "provider": "provider[\"registry.terraform.io/hashicorp/aws\"]",
      "instances": [
        {
          "index_key": "aws-ebs-csi-driver",
          "schema_version": 0,
          "attributes": {
            "addon_name": "aws-ebs-csi-driver",
            "addon_version": "v1.6.2-eksbuild.0",
            "arn": "arn:aws:eks:us-east-1:982063376835:addon/eks-cluster/aws-ebs-csi-driver/3cc38d35-ee77-094a-683f-77cf026d686f",
            "cluster_name": "eks-cluster",
            "configuration_values": "",
            "created_at": "2023-03-25T20:18:09Z",
            "id": "eks-cluster:aws-ebs-csi-driver",
            "modified_at": "2023-03-25T20:32:57Z",
            "preserve": null,
            "resolve_conflicts": "OVERWRITE",
            "service_account_role_arn": "",
            "tags": {},
            "tags_all": {},
            "timeouts": null
          },
          "sensitive_attributes": [],
          "private": "eyJlMmJmYjczMC1lY2FhLTExZTYtOGY4OC0zNDM2M2JjN2M0YzAiOnsiY3JlYXRlIjoxMjAwMDAwMDAwMDAwLCJkZWxldGUiOjI0MDAwMDAwMDAwMDAsInVwZGF0ZSI6MTIwMDAwMDAwMDAwMH19",
          "dependencies": [
            "aws_eks_cluster.eks-cluster",
            "aws_iam_role.EKSClusterRole",
            "aws_iam_role_policy_attachment.AmazonEKSClusterPolicy",
            "module.aws_vpc.aws_security_group.sec_groups",
            "module.aws_vpc.aws_subnet.private_subnets",
            "module.aws_vpc.aws_subnet.public_subnets",
            "module.aws_vpc.aws_vpc.custom_vpc"
          ]
        },
        {
          "index_key": "coredns",
          "schema_version": 0,
          "attributes": {
            "addon_name": "coredns",
            "addon_version": "v1.8.7-eksbuild.1",
            "arn": "arn:aws:eks:us-east-1:982063376835:addon/eks-cluster/coredns/f2c38d35-ee79-c780-1c7b-9e65cdb31cf7",
            "cluster_name": "eks-cluster",
            "configuration_values": "",
            "created_at": "2023-03-25T20:18:09Z",
            "id": "eks-cluster:coredns",
            "modified_at": "2023-03-25T20:33:13Z",
            "preserve": null,
            "resolve_conflicts": "OVERWRITE",
            "service_account_role_arn": "",
            "tags": {},
            "tags_all": {},
            "timeouts": null
          },
          "sensitive_attributes": [],
          "private": "eyJlMmJmYjczMC1lY2FhLTExZTYtOGY4OC0zNDM2M2JjN2M0YzAiOnsiY3JlYXRlIjoxMjAwMDAwMDAwMDAwLCJkZWxldGUiOjI0MDAwMDAwMDAwMDAsInVwZGF0ZSI6MTIwMDAwMDAwMDAwMH19",
          "dependencies": [
            "aws_eks_cluster.eks-cluster",
            "aws_iam_role.EKSClusterRole",
            "aws_iam_role_policy_attachment.AmazonEKSClusterPolicy",
            "module.aws_vpc.aws_security_group.sec_groups",
            "module.aws_vpc.aws_subnet.private_subnets",
            "module.aws_vpc.aws_subnet.public_subnets",
            "module.aws_vpc.aws_vpc.custom_vpc"
          ]
        },
        {
          "index_key": "kube-proxy",
          "schema_version": 0,
          "attributes": {
            "addon_name": "kube-proxy",
            "addon_version": "v1.22.6-eksbuild.1",
            "arn": "arn:aws:eks:us-east-1:982063376835:addon/eks-cluster/kube-proxy/fcc38d35-ee7b-c019-8d5e-e720d1a40254",
            "cluster_name": "eks-cluster",
            "configuration_values": "",
            "created_at": "2023-03-25T20:18:09Z",
            "id": "eks-cluster:kube-proxy",
            "modified_at": "2023-03-25T20:18:11Z",
            "preserve": null,
            "resolve_conflicts": "OVERWRITE",
            "service_account_role_arn": "",
            "tags": {},
            "tags_all": {},
            "timeouts": null
          },
          "sensitive_attributes": [],
          "private": "eyJlMmJmYjczMC1lY2FhLTExZTYtOGY4OC0zNDM2M2JjN2M0YzAiOnsiY3JlYXRlIjoxMjAwMDAwMDAwMDAwLCJkZWxldGUiOjI0MDAwMDAwMDAwMDAsInVwZGF0ZSI6MTIwMDAwMDAwMDAwMH19",
          "dependencies": [
            "aws_eks_cluster.eks-cluster",
            "aws_iam_role.EKSClusterRole",
            "aws_iam_role_policy_attachment.AmazonEKSClusterPolicy",
            "module.aws_vpc.aws_security_group.sec_groups",
            "module.aws_vpc.aws_subnet.private_subnets",
            "module.aws_vpc.aws_subnet.public_subnets",
            "module.aws_vpc.aws_vpc.custom_vpc"
          ]
        },
        {
          "index_key": "vpc-cni",
          "schema_version": 0,
          "attributes": {
            "addon_name": "vpc-cni",
            "addon_version": "v1.11.0-eksbuild.1",
            "arn": "arn:aws:eks:us-east-1:982063376835:addon/eks-cluster/vpc-cni/7ac38d35-ee77-0e89-7ca7-11e93ef97487",
            "cluster_name": "eks-cluster",
            "configuration_values": "",
            "created_at": "2023-03-25T20:18:09Z",
            "id": "eks-cluster:vpc-cni",
            "modified_at": "2023-03-25T20:18:12Z",
            "preserve": null,
            "resolve_conflicts": "OVERWRITE",
            "service_account_role_arn": "",
            "tags": {},
            "tags_all": {},
            "timeouts": null
          },
          "sensitive_attributes": [],
          "private": "eyJlMmJmYjczMC1lY2FhLTExZTYtOGY4OC0zNDM2M2JjN2M0YzAiOnsiY3JlYXRlIjoxMjAwMDAwMDAwMDAwLCJkZWxldGUiOjI0MDAwMDAwMDAwMDAsInVwZGF0ZSI6MTIwMDAwMDAwMDAwMH19",
          "dependencies": [
            "aws_eks_cluster.eks-cluster",
            "aws_iam_role.EKSClusterRole",
            "aws_iam_role_policy_attachment.AmazonEKSClusterPolicy",
            "module.aws_vpc.aws_security_group.sec_groups",
            "module.aws_vpc.aws_subnet.private_subnets",
            "module.aws_vpc.aws_subnet.public_subnets",
            "module.aws_vpc.aws_vpc.custom_vpc"
          ]
        }
      ]
    },
    {
      "mode": "managed",
      "type": "aws_eks_cluster",
      "name": "eks-cluster",
      "provider": "provider[\"registry.terraform.io/hashicorp/aws\"]",
      "instances": [
        {
          "schema_version": 0,
          "attributes": {
            "arn": "arn:aws:eks:us-east-1:982063376835:cluster/eks-cluster",
            "certificate_authority": [
              {
                "data": "LS0tLS1CRUdJTiBDRVJUSUZJQ0FURS0tLS0tCk1JSUMvakNDQWVhZ0F3SUJBZ0lCQURBTkJna3Foa2lHOXcwQkFRc0ZBREFWTVJNd0VRWURWUVFERXdwcmRXSmwKY201bGRHVnpNQjRYRFRJek1ETXlOVEl3TVRNME5sb1hEVE16TURNeU1qSXdNVE0wTmxvd0ZURVRNQkVHQTFVRQpBeE1LYTNWaVpYSnVaWFJsY3pDQ0FTSXdEUVlKS29aSWh2Y05BUUVCQlFBRGdnRVBBRENDQVFvQ2dnRUJBTk1LClR1MElqY2Q1blVPSFFWSnhaY1g3a3NyV2wxdVEwN1JqdEltU2pZU1g0M3c1Nm1pWHpqeGxXdUEzY2ZGRW9xMHUKS21IVGsyVSt0M2RjMDd3OVRya0xrdGw3MExsQ21MdmYzQmJwR3lzTFJYQzh5Z1pZc0lRVWh3TWFOM3h5Mmw3UAp4UmNpZzZEUHg5OWM5R3pWUkZ1bVZRNmhlZ1ZRNnJ3U1FhcFJ1bm83TkdLZnZFMFRDd2g3VjlaYWVEUjMwUytjCnc5OUU2WnRrUlcrUFcyYzlqdFBrUkl1d2pzU2ZINENFYW1qYXZyQVlBSVBYeVRENkJzenpPWE9Tcy90cDZuZW4KYTVuMFpZMEptUTA2Q1JBY3ZNdnB2bnVmU21mblpxMDJVa2s2U01ZaXpnR0hFOGRINStYUUJXdHhVeWVzT1gzaQo3a2RMTHVDOUZHSzh2RHBmRWIwQ0F3RUFBYU5aTUZjd0RnWURWUjBQQVFIL0JBUURBZ0trTUE4R0ExVWRFd0VCCi93UUZNQU1CQWY4d0hRWURWUjBPQkJZRUZBQWhNMnh2WmQxcGR6c2hscnpWVTBSNnNQaTVNQlVHQTFVZEVRUU8KTUF5Q0NtdDFZbVZ5Ym1WMFpYTXdEUVlKS29aSWh2Y05BUUVMQlFBRGdnRUJBRlZuSitlMGNKcTF4OWdneVF2egpBYWRTbG0yQU0xb05qUklxd0w3VWdsb1lTL2lZeEVGRk5LZFMxZnJpQS8zVDRQTmg4NFMrSDlHMmxPZUIyeXdVCjV1NVkrNjhOYnRrOHUraGxNWG41SXE3bHk1Y0laVWZGakM0bTgrTG5acERkNitGcUtRTnBxYTNrYVJWay9lMGMKMlgzSHd6eU9JTnBCazVURk5QTG9SRDVCRzd2R3k5SjR2dkNkcXNwRllkTEoxT2VTUGJIOFVjZUprOWlWQi9rRQo0dWNLOFRCRTFibzE1VnVLZ3lVUi9rK29BY1JXZ2dxbFJCS1VqVit5U1p1cU1hL1k0ZzBDa1hRWFR3RWhua1JUCjJCWXNvVzRUNGoxU1U1YWU4NHpqQnhiU2lOcmVHbHlONThtTVl3Rk9xdkdBZWo3eUcwaW9DL0p0V2QxcHBwY0UKNzFRPQotLS0tLUVORCBDRVJUSUZJQ0FURS0tLS0tCg=="
              }
            ],
            "cluster_id": null,
            "created_at": "2023-03-25 20:07:37.296 +0000 UTC",
            "enabled_cluster_log_types": [],
            "encryption_config": [],
            "endpoint": "https://0CCC526BDDD65BD9CED06C7F8093AFE7.gr7.us-east-1.eks.amazonaws.com",
            "id": "eks-cluster",
            "identity": [
              {
                "oidc": [
                  {
                    "issuer": "https://oidc.eks.us-east-1.amazonaws.com/id/0CCC526BDDD65BD9CED06C7F8093AFE7"
                  }
                ]
              }
            ],
            "kubernetes_network_config": [
              {
                "ip_family": "ipv4",
                "service_ipv4_cidr": "10.100.0.0/16",
                "service_ipv6_cidr": ""
              }
            ],
            "name": "eks-cluster",
            "outpost_config": [],
            "platform_version": "eks.10",
            "role_arn": "arn:aws:iam::982063376835:role/EKSClusterRole",
            "status": "ACTIVE",
            "tags": {},
            "tags_all": {},
            "timeouts": null,
            "version": "1.22",
            "vpc_config": [
              {
                "cluster_security_group_id": "sg-04acd6bd3b3ef8152",
                "endpoint_private_access": false,
                "endpoint_public_access": true,
                "public_access_cidrs": [
                  "0.0.0.0/0"
                ],
                "security_group_ids": [
                  "sg-0c71767a2ac57ccab"
                ],
                "subnet_ids": [
                  "subnet-0564a220edf14ef44",
                  "subnet-0b324e15ab8f01d86",
                  "subnet-0bb417653370e3b0d",
                  "subnet-0e128ec33097fb11b"
                ],
                "vpc_id": "vpc-081eb28a7eb606c26"
              }
            ]
          },
          "sensitive_attributes": [],
          "private": "eyJlMmJmYjczMC1lY2FhLTExZTYtOGY4OC0zNDM2M2JjN2M0YzAiOnsiY3JlYXRlIjoxODAwMDAwMDAwMDAwLCJkZWxldGUiOjkwMDAwMDAwMDAwMCwidXBkYXRlIjozNjAwMDAwMDAwMDAwfX0=",
          "dependencies": [
            "aws_iam_role.EKSClusterRole",
            "aws_iam_role_policy_attachment.AmazonEKSClusterPolicy",
            "module.aws_vpc.aws_security_group.sec_groups",
            "module.aws_vpc.aws_subnet.private_subnets",
            "module.aws_vpc.aws_subnet.public_subnets",
            "module.aws_vpc.aws_vpc.custom_vpc"
          ]
        }
      ]
    },
    {
      "mode": "managed",
      "type": "aws_eks_node_group",
      "name": "node-ec2",
      "provider": "provider[\"registry.terraform.io/hashicorp/aws\"]",
      "instances": [
        {
          "index_key": "t2-medium-standard",
          "schema_version": 0,
          "attributes": {
            "ami_type": "AL2_x86_64",
            "arn": "arn:aws:eks:us-east-1:982063376835:nodegroup/eks-cluster/t2-medium-standard/76c38d35-ee7a-a29b-986c-44959410363e",
            "capacity_type": "ON_DEMAND",
            "cluster_name": "eks-cluster",
            "disk_size": 20,
            "force_update_version": null,
            "id": "eks-cluster:t2-medium-standard",
            "instance_types": [
              "t2.large"
            ],
            "labels": {},
            "launch_template": [],
            "node_group_name": "t2-medium-standard",
            "node_group_name_prefix": "",
            "node_role_arn": "arn:aws:iam::982063376835:role/EKSNodeGroupRole",
            "release_version": "1.22.17-20230304",
            "remote_access": [],
            "resources": [
              {
                "autoscaling_groups": [
                  {
                    "name": "eks-t2-medium-standard-76c38d35-ee7a-a29b-986c-44959410363e"
                  }
                ],
                "remote_access_security_group_id": ""
              }
            ],
            "scaling_config": [
              {
                "desired_size": 2,
                "max_size": 2,
                "min_size": 1
              }
            ],
            "status": "ACTIVE",
            "subnet_ids": [
              "subnet-0bb417653370e3b0d",
              "subnet-0e128ec33097fb11b"
            ],
            "tags": {},
            "tags_all": {},
            "taint": [],
            "timeouts": null,
            "update_config": [
              {
                "max_unavailable": 1,
                "max_unavailable_percentage": 0
              }
            ],
            "version": "1.22"
          },
          "sensitive_attributes": [],
          "private": "eyJlMmJmYjczMC1lY2FhLTExZTYtOGY4OC0zNDM2M2JjN2M0YzAiOnsiY3JlYXRlIjozNjAwMDAwMDAwMDAwLCJkZWxldGUiOjM2MDAwMDAwMDAwMDAsInVwZGF0ZSI6MzYwMDAwMDAwMDAwMH19",
          "dependencies": [
            "aws_eks_cluster.eks-cluster",
            "aws_iam_role.EKSClusterRole",
            "aws_iam_role.NodeGroupRole",
            "aws_iam_role_policy_attachment.AmazonEC2ContainerRegistryReadOnly",
            "aws_iam_role_policy_attachment.AmazonEKSClusterPolicy",
            "aws_iam_role_policy_attachment.AmazonEKSWorkerNodePolicy",
            "aws_iam_role_policy_attachment.AmazonEKS_CNI_Policy",
            "module.aws_vpc.aws_security_group.sec_groups",
            "module.aws_vpc.aws_subnet.private_subnets",
            "module.aws_vpc.aws_subnet.public_subnets",
            "module.aws_vpc.aws_vpc.custom_vpc"
          ]
        }
      ]
    },
    {
      "mode": "managed",
      "type": "aws_iam_openid_connect_provider",
      "name": "default",
      "provider": "provider[\"registry.terraform.io/hashicorp/aws\"]",
      "instances": [
        {
          "schema_version": 0,
          "attributes": {
            "arn": "arn:aws:iam::982063376835:oidc-provider/oidc.eks.us-east-1.amazonaws.com/id/0CCC526BDDD65BD9CED06C7F8093AFE7",
            "client_id_list": [
              "sts.amazonaws.com"
            ],
            "id": "arn:aws:iam::982063376835:oidc-provider/oidc.eks.us-east-1.amazonaws.com/id/0CCC526BDDD65BD9CED06C7F8093AFE7",
            "tags": {},
            "tags_all": {},
            "thumbprint_list": [
              "9e99a48a9960b14926bb7f3b02e22da2b0ab7280"
            ],
            "url": "oidc.eks.us-east-1.amazonaws.com/id/0CCC526BDDD65BD9CED06C7F8093AFE7"
          },
          "sensitive_attributes": [],
          "private": "bnVsbA==",
          "dependencies": [
            "aws_eks_cluster.eks-cluster",
            "aws_iam_role.EKSClusterRole",
            "aws_iam_role_policy_attachment.AmazonEKSClusterPolicy",
            "data.aws_eks_cluster.eks-cluster",
            "module.aws_vpc.aws_security_group.sec_groups",
            "module.aws_vpc.aws_subnet.private_subnets",
            "module.aws_vpc.aws_subnet.public_subnets",
            "module.aws_vpc.aws_vpc.custom_vpc"
          ]
        }
      ]
    },
    {
      "mode": "managed",
      "type": "aws_iam_role",
      "name": "EKSClusterRole",
      "provider": "provider[\"registry.terraform.io/hashicorp/aws\"]",
      "instances": [
        {
          "schema_version": 0,
          "attributes": {
            "arn": "arn:aws:iam::982063376835:role/EKSClusterRole",
            "assume_role_policy": "{\"Statement\":[{\"Action\":\"sts:AssumeRole\",\"Effect\":\"Allow\",\"Principal\":{\"Service\":\"eks.amazonaws.com\"}}],\"Version\":\"2012-10-17\"}",
            "create_date": "2023-03-25T04:03:00Z",
            "description": "",
            "force_detach_policies": false,
            "id": "EKSClusterRole",
            "inline_policy": [],
            "managed_policy_arns": [
              "arn:aws:iam::aws:policy/AmazonEKSClusterPolicy"
            ],
            "max_session_duration": 3600,
            "name": "EKSClusterRole",
            "name_prefix": "",
            "path": "/",
            "permissions_boundary": null,
            "tags": {},
            "tags_all": {},
            "unique_id": "AROA6JJ4J5HB6OUFOF6VF"
          },
          "sensitive_attributes": [],
          "private": "bnVsbA=="
        }
      ]
    },
    {
      "mode": "managed",
      "type": "aws_iam_role",
      "name": "NodeGroupRole",
      "provider": "provider[\"registry.terraform.io/hashicorp/aws\"]",
      "instances": [
        {
          "schema_version": 0,
          "attributes": {
            "arn": "arn:aws:iam::982063376835:role/EKSNodeGroupRole",
            "assume_role_policy": "{\"Statement\":[{\"Action\":\"sts:AssumeRole\",\"Effect\":\"Allow\",\"Principal\":{\"Service\":\"ec2.amazonaws.com\"}}],\"Version\":\"2012-10-17\"}",
            "create_date": "2023-03-25T04:03:00Z",
            "description": "",
            "force_detach_policies": false,
            "id": "EKSNodeGroupRole",
            "inline_policy": [],
            "managed_policy_arns": [
              "arn:aws:iam::aws:policy/AmazonEC2ContainerRegistryReadOnly",
              "arn:aws:iam::aws:policy/AmazonEKSWorkerNodePolicy",
              "arn:aws:iam::aws:policy/AmazonEKS_CNI_Policy"
            ],
            "max_session_duration": 3600,
            "name": "EKSNodeGroupRole",
            "name_prefix": "",
            "path": "/",
            "permissions_boundary": null,
            "tags": {},
            "tags_all": {},
            "unique_id": "AROA6JJ4J5HBTBJZBFW36"
          },
          "sensitive_attributes": [],
          "private": "bnVsbA=="
        }
      ]
    },
    {
      "mode": "managed",
      "type": "aws_iam_role_policy_attachment",
      "name": "AmazonEC2ContainerRegistryReadOnly",
      "provider": "provider[\"registry.terraform.io/hashicorp/aws\"]",
      "instances": [
        {
          "schema_version": 0,
          "attributes": {
            "id": "EKSNodeGroupRole-20230325040259716800000003",
            "policy_arn": "arn:aws:iam::aws:policy/AmazonEC2ContainerRegistryReadOnly",
            "role": "EKSNodeGroupRole"
          },
          "sensitive_attributes": [],
          "private": "bnVsbA==",
          "dependencies": [
            "aws_iam_role.NodeGroupRole"
          ]
        }
      ]
    },
    {
      "mode": "managed",
      "type": "aws_iam_role_policy_attachment",
      "name": "AmazonEKSClusterPolicy",
      "provider": "provider[\"registry.terraform.io/hashicorp/aws\"]",
      "instances": [
        {
          "schema_version": 0,
          "attributes": {
            "id": "EKSClusterRole-20230325040259716800000004",
            "policy_arn": "arn:aws:iam::aws:policy/AmazonEKSClusterPolicy",
            "role": "EKSClusterRole"
          },
          "sensitive_attributes": [],
          "private": "bnVsbA==",
          "dependencies": [
            "aws_iam_role.EKSClusterRole"
          ]
        }
      ]
    },
    {
      "mode": "managed",
      "type": "aws_iam_role_policy_attachment",
      "name": "AmazonEKSWorkerNodePolicy",
      "provider": "provider[\"registry.terraform.io/hashicorp/aws\"]",
      "instances": [
        {
          "schema_version": 0,
          "attributes": {
            "id": "EKSNodeGroupRole-20230325040259661400000001",
            "policy_arn": "arn:aws:iam::aws:policy/AmazonEKSWorkerNodePolicy",
            "role": "EKSNodeGroupRole"
          },
          "sensitive_attributes": [],
          "private": "bnVsbA==",
          "dependencies": [
            "aws_iam_role.NodeGroupRole"
          ]
        }
      ]
    },
    {
      "mode": "managed",
      "type": "aws_iam_role_policy_attachment",
      "name": "AmazonEKS_CNI_Policy",
      "provider": "provider[\"registry.terraform.io/hashicorp/aws\"]",
      "instances": [
        {
          "schema_version": 0,
          "attributes": {
            "id": "EKSNodeGroupRole-20230325040259661700000002",
            "policy_arn": "arn:aws:iam::aws:policy/AmazonEKS_CNI_Policy",
            "role": "EKSNodeGroupRole"
          },
          "sensitive_attributes": [],
          "private": "bnVsbA==",
          "dependencies": [
            "aws_iam_role.NodeGroupRole"
          ]
        }
      ]
    },
    {
      "module": "module.aws_vpc",
      "mode": "managed",
      "type": "aws_eip",
      "name": "elastic_ip",
      "provider": "module.aws_vpc.provider[\"registry.terraform.io/hashicorp/aws\"]",
      "instances": [
        {
          "index_key": 0,
          "schema_version": 0,
          "attributes": {
            "address": null,
            "allocation_id": "eipalloc-0d24a9867dd408bf4",
            "associate_with_private_ip": null,
            "association_id": "eipassoc-0b81d7cd1d3d90fe8",
            "carrier_ip": "",
            "customer_owned_ip": "",
            "customer_owned_ipv4_pool": "",
            "domain": "vpc",
            "id": "eipalloc-0d24a9867dd408bf4",
            "instance": "",
            "network_border_group": "us-east-1",
            "network_interface": "eni-098fc9422877765d4",
            "private_dns": "ip-141-0-1-124.ec2.internal",
            "private_ip": "141.0.1.124",
            "public_dns": "ec2-3-94-12-173.compute-1.amazonaws.com",
            "public_ip": "3.94.12.173",
            "public_ipv4_pool": "amazon",
            "tags": {
              "Name": "eip-0"
            },
            "tags_all": {
              "Name": "eip-0"
            },
            "timeouts": null,
            "vpc": true
          },
          "sensitive_attributes": [],
          "private": "eyJlMmJmYjczMC1lY2FhLTExZTYtOGY4OC0zNDM2M2JjN2M0YzAiOnsiZGVsZXRlIjoxODAwMDAwMDAwMDAsInJlYWQiOjkwMDAwMDAwMDAwMCwidXBkYXRlIjozMDAwMDAwMDAwMDB9fQ==",
          "dependencies": [
            "module.aws_vpc.aws_internet_gateway.i_gateway",
            "module.aws_vpc.aws_vpc.custom_vpc"
          ]
        },
        {
          "index_key": 1,
          "schema_version": 0,
          "attributes": {
            "address": null,
            "allocation_id": "eipalloc-0efc55f00cbd09f21",
            "associate_with_private_ip": null,
            "association_id": "eipassoc-0de42f6718ffee730",
            "carrier_ip": "",
            "customer_owned_ip": "",
            "customer_owned_ipv4_pool": "",
            "domain": "vpc",
            "id": "eipalloc-0efc55f00cbd09f21",
            "instance": "",
            "network_border_group": "us-east-1",
            "network_interface": "eni-031909fc307550bc7",
            "private_dns": "ip-141-0-2-92.ec2.internal",
            "private_ip": "141.0.2.92",
            "public_dns": "ec2-52-205-87-87.compute-1.amazonaws.com",
            "public_ip": "52.205.87.87",
            "public_ipv4_pool": "amazon",
            "tags": {
              "Name": "eip-1"
            },
            "tags_all": {
              "Name": "eip-1"
            },
            "timeouts": null,
            "vpc": true
          },
          "sensitive_attributes": [],
          "private": "eyJlMmJmYjczMC1lY2FhLTExZTYtOGY4OC0zNDM2M2JjN2M0YzAiOnsiZGVsZXRlIjoxODAwMDAwMDAwMDAsInJlYWQiOjkwMDAwMDAwMDAwMCwidXBkYXRlIjozMDAwMDAwMDAwMDB9fQ==",
          "dependencies": [
            "module.aws_vpc.aws_internet_gateway.i_gateway",
            "module.aws_vpc.aws_vpc.custom_vpc"
          ]
        }
      ]
    },
    {
      "module": "module.aws_vpc",
      "mode": "managed",
      "type": "aws_internet_gateway",
      "name": "i_gateway",
      "provider": "module.aws_vpc.provider[\"registry.terraform.io/hashicorp/aws\"]",
      "instances": [
        {
          "schema_version": 0,
          "attributes": {
            "arn": "arn:aws:ec2:us-east-1:982063376835:internet-gateway/igw-04061ac732fef96b6",
            "id": "igw-04061ac732fef96b6",
            "owner_id": "982063376835",
            "tags": {
              "Name": "i_gateway"
            },
            "tags_all": {
              "Name": "i_gateway"
            },
            "timeouts": null,
            "vpc_id": "vpc-081eb28a7eb606c26"
          },
          "sensitive_attributes": [],
          "private": "eyJlMmJmYjczMC1lY2FhLTExZTYtOGY4OC0zNDM2M2JjN2M0YzAiOnsiY3JlYXRlIjoxMjAwMDAwMDAwMDAwLCJkZWxldGUiOjEyMDAwMDAwMDAwMDAsInVwZGF0ZSI6MTIwMDAwMDAwMDAwMH19",
          "dependencies": [
            "module.aws_vpc.aws_vpc.custom_vpc"
          ]
        }
      ]
    },
    {
      "module": "module.aws_vpc",
      "mode": "managed",
      "type": "aws_nat_gateway",
      "name": "nats",
      "provider": "module.aws_vpc.provider[\"registry.terraform.io/hashicorp/aws\"]",
      "instances": [
        {
          "index_key": 0,
          "schema_version": 0,
          "attributes": {
            "allocation_id": "eipalloc-0d24a9867dd408bf4",
            "connectivity_type": "public",
            "id": "nat-07e22053a30db771c",
            "network_interface_id": "eni-098fc9422877765d4",
            "private_ip": "141.0.1.124",
            "public_ip": "3.94.12.173",
            "subnet_id": "subnet-0564a220edf14ef44",
            "tags": {},
            "tags_all": {}
          },
          "sensitive_attributes": [],
          "private": "bnVsbA==",
          "dependencies": [
            "module.aws_vpc.aws_eip.elastic_ip",
            "module.aws_vpc.aws_internet_gateway.i_gateway",
            "module.aws_vpc.aws_subnet.public_subnets",
            "module.aws_vpc.aws_vpc.custom_vpc"
          ]
        },
        {
          "index_key": 1,
          "schema_version": 0,
          "attributes": {
            "allocation_id": "eipalloc-0efc55f00cbd09f21",
            "connectivity_type": "public",
            "id": "nat-0f0bf9f9321a7fe34",
            "network_interface_id": "eni-031909fc307550bc7",
            "private_ip": "141.0.2.92",
            "public_ip": "52.205.87.87",
            "subnet_id": "subnet-0b324e15ab8f01d86",
            "tags": {},
            "tags_all": {}
          },
          "sensitive_attributes": [],
          "private": "bnVsbA==",
          "dependencies": [
            "module.aws_vpc.aws_eip.elastic_ip",
            "module.aws_vpc.aws_internet_gateway.i_gateway",
            "module.aws_vpc.aws_subnet.public_subnets",
            "module.aws_vpc.aws_vpc.custom_vpc"
          ]
        }
      ]
    },
    {
      "module": "module.aws_vpc",
      "mode": "managed",
      "type": "aws_route",
      "name": "private_routes",
      "provider": "module.aws_vpc.provider[\"registry.terraform.io/hashicorp/aws\"]",
      "instances": [
        {
          "index_key": 0,
          "schema_version": 0,
          "attributes": {
            "carrier_gateway_id": "",
            "core_network_arn": "",
            "destination_cidr_block": "0.0.0.0/0",
            "destination_ipv6_cidr_block": "",
            "destination_prefix_list_id": "",
            "egress_only_gateway_id": "",
            "gateway_id": "",
            "id": "r-rtb-0ac2bc9f18bee32381080289494",
            "instance_id": "",
            "instance_owner_id": "",
            "local_gateway_id": "",
            "nat_gateway_id": "nat-07e22053a30db771c",
            "network_interface_id": "",
            "origin": "CreateRoute",
            "route_table_id": "rtb-0ac2bc9f18bee3238",
            "state": "active",
            "timeouts": null,
            "transit_gateway_id": "",
            "vpc_endpoint_id": "",
            "vpc_peering_connection_id": ""
          },
          "sensitive_attributes": [],
          "private": "eyJlMmJmYjczMC1lY2FhLTExZTYtOGY4OC0zNDM2M2JjN2M0YzAiOnsiY3JlYXRlIjozMDAwMDAwMDAwMDAsImRlbGV0ZSI6MzAwMDAwMDAwMDAwLCJ1cGRhdGUiOjEyMDAwMDAwMDAwMH19",
          "dependencies": [
            "module.aws_vpc.aws_eip.elastic_ip",
            "module.aws_vpc.aws_internet_gateway.i_gateway",
            "module.aws_vpc.aws_nat_gateway.nats",
            "module.aws_vpc.aws_route_table.private_tables",
            "module.aws_vpc.aws_subnet.public_subnets",
            "module.aws_vpc.aws_vpc.custom_vpc"
          ]
        },
        {
          "index_key": 1,
          "schema_version": 0,
          "attributes": {
            "carrier_gateway_id": "",
            "core_network_arn": "",
            "destination_cidr_block": "0.0.0.0/0",
            "destination_ipv6_cidr_block": "",
            "destination_prefix_list_id": "",
            "egress_only_gateway_id": "",
            "gateway_id": "",
            "id": "r-rtb-06de3c3992c3d68001080289494",
            "instance_id": "",
            "instance_owner_id": "",
            "local_gateway_id": "",
            "nat_gateway_id": "nat-0f0bf9f9321a7fe34",
            "network_interface_id": "",
            "origin": "CreateRoute",
            "route_table_id": "rtb-06de3c3992c3d6800",
            "state": "active",
            "timeouts": null,
            "transit_gateway_id": "",
            "vpc_endpoint_id": "",
            "vpc_peering_connection_id": ""
          },
          "sensitive_attributes": [],
          "private": "eyJlMmJmYjczMC1lY2FhLTExZTYtOGY4OC0zNDM2M2JjN2M0YzAiOnsiY3JlYXRlIjozMDAwMDAwMDAwMDAsImRlbGV0ZSI6MzAwMDAwMDAwMDAwLCJ1cGRhdGUiOjEyMDAwMDAwMDAwMH19",
          "dependencies": [
            "module.aws_vpc.aws_eip.elastic_ip",
            "module.aws_vpc.aws_internet_gateway.i_gateway",
            "module.aws_vpc.aws_nat_gateway.nats",
            "module.aws_vpc.aws_route_table.private_tables",
            "module.aws_vpc.aws_subnet.public_subnets",
            "module.aws_vpc.aws_vpc.custom_vpc"
          ]
        }
      ]
    },
    {
      "module": "module.aws_vpc",
      "mode": "managed",
      "type": "aws_route",
      "name": "public_routes",
      "provider": "module.aws_vpc.provider[\"registry.terraform.io/hashicorp/aws\"]",
      "instances": [
        {
          "schema_version": 0,
          "attributes": {
            "carrier_gateway_id": "",
            "core_network_arn": "",
            "destination_cidr_block": "0.0.0.0/0",
            "destination_ipv6_cidr_block": "",
            "destination_prefix_list_id": "",
            "egress_only_gateway_id": "",
            "gateway_id": "igw-04061ac732fef96b6",
            "id": "r-rtb-01b994bed192a5e101080289494",
            "instance_id": "",
            "instance_owner_id": "",
            "local_gateway_id": "",
            "nat_gateway_id": "",
            "network_interface_id": "",
            "origin": "CreateRoute",
            "route_table_id": "rtb-01b994bed192a5e10",
            "state": "active",
            "timeouts": null,
            "transit_gateway_id": "",
            "vpc_endpoint_id": "",
            "vpc_peering_connection_id": ""
          },
          "sensitive_attributes": [],
          "private": "eyJlMmJmYjczMC1lY2FhLTExZTYtOGY4OC0zNDM2M2JjN2M0YzAiOnsiY3JlYXRlIjozMDAwMDAwMDAwMDAsImRlbGV0ZSI6MzAwMDAwMDAwMDAwLCJ1cGRhdGUiOjEyMDAwMDAwMDAwMH19",
          "dependencies": [
            "module.aws_vpc.aws_internet_gateway.i_gateway",
            "module.aws_vpc.aws_route_table.public_table",
            "module.aws_vpc.aws_vpc.custom_vpc"
          ]
        }
      ]
    },
    {
      "module": "module.aws_vpc",
      "mode": "managed",
      "type": "aws_route_table",
      "name": "private_tables",
      "provider": "module.aws_vpc.provider[\"registry.terraform.io/hashicorp/aws\"]",
      "instances": [
        {
          "index_key": 0,
          "schema_version": 0,
          "attributes": {
            "arn": "arn:aws:ec2:us-east-1:982063376835:route-table/rtb-0ac2bc9f18bee3238",
            "id": "rtb-0ac2bc9f18bee3238",
            "owner_id": "982063376835",
            "propagating_vgws": [],
            "route": [
              {
                "carrier_gateway_id": "",
                "cidr_block": "0.0.0.0/0",
                "core_network_arn": "",
                "destination_prefix_list_id": "",
                "egress_only_gateway_id": "",
                "gateway_id": "",
                "instance_id": "",
                "ipv6_cidr_block": "",
                "local_gateway_id": "",
                "nat_gateway_id": "nat-07e22053a30db771c",
                "network_interface_id": "",
                "transit_gateway_id": "",
                "vpc_endpoint_id": "",
                "vpc_peering_connection_id": ""
              }
            ],
            "tags": {},
            "tags_all": {},
            "timeouts": null,
            "vpc_id": "vpc-081eb28a7eb606c26"
          },
          "sensitive_attributes": [],
          "private": "eyJlMmJmYjczMC1lY2FhLTExZTYtOGY4OC0zNDM2M2JjN2M0YzAiOnsiY3JlYXRlIjozMDAwMDAwMDAwMDAsImRlbGV0ZSI6MzAwMDAwMDAwMDAwLCJ1cGRhdGUiOjEyMDAwMDAwMDAwMH19",
          "dependencies": [
            "module.aws_vpc.aws_vpc.custom_vpc"
          ]
        },
        {
          "index_key": 1,
          "schema_version": 0,
          "attributes": {
            "arn": "arn:aws:ec2:us-east-1:982063376835:route-table/rtb-06de3c3992c3d6800",
            "id": "rtb-06de3c3992c3d6800",
            "owner_id": "982063376835",
            "propagating_vgws": [],
            "route": [
              {
                "carrier_gateway_id": "",
                "cidr_block": "0.0.0.0/0",
                "core_network_arn": "",
                "destination_prefix_list_id": "",
                "egress_only_gateway_id": "",
                "gateway_id": "",
                "instance_id": "",
                "ipv6_cidr_block": "",
                "local_gateway_id": "",
                "nat_gateway_id": "nat-0f0bf9f9321a7fe34",
                "network_interface_id": "",
                "transit_gateway_id": "",
                "vpc_endpoint_id": "",
                "vpc_peering_connection_id": ""
              }
            ],
            "tags": {},
            "tags_all": {},
            "timeouts": null,
            "vpc_id": "vpc-081eb28a7eb606c26"
          },
          "sensitive_attributes": [],
          "private": "eyJlMmJmYjczMC1lY2FhLTExZTYtOGY4OC0zNDM2M2JjN2M0YzAiOnsiY3JlYXRlIjozMDAwMDAwMDAwMDAsImRlbGV0ZSI6MzAwMDAwMDAwMDAwLCJ1cGRhdGUiOjEyMDAwMDAwMDAwMH19",
          "dependencies": [
            "module.aws_vpc.aws_vpc.custom_vpc"
          ]
        }
      ]
    },
    {
      "module": "module.aws_vpc",
      "mode": "managed",
      "type": "aws_route_table",
      "name": "public_table",
      "provider": "module.aws_vpc.provider[\"registry.terraform.io/hashicorp/aws\"]",
      "instances": [
        {
          "schema_version": 0,
          "attributes": {
            "arn": "arn:aws:ec2:us-east-1:982063376835:route-table/rtb-01b994bed192a5e10",
            "id": "rtb-01b994bed192a5e10",
            "owner_id": "982063376835",
            "propagating_vgws": [],
            "route": [
              {
                "carrier_gateway_id": "",
                "cidr_block": "0.0.0.0/0",
                "core_network_arn": "",
                "destination_prefix_list_id": "",
                "egress_only_gateway_id": "",
                "gateway_id": "igw-04061ac732fef96b6",
                "instance_id": "",
                "ipv6_cidr_block": "",
                "local_gateway_id": "",
                "nat_gateway_id": "",
                "network_interface_id": "",
                "transit_gateway_id": "",
                "vpc_endpoint_id": "",
                "vpc_peering_connection_id": ""
              }
            ],
            "tags": {},
            "tags_all": {},
            "timeouts": null,
            "vpc_id": "vpc-081eb28a7eb606c26"
          },
          "sensitive_attributes": [],
          "private": "eyJlMmJmYjczMC1lY2FhLTExZTYtOGY4OC0zNDM2M2JjN2M0YzAiOnsiY3JlYXRlIjozMDAwMDAwMDAwMDAsImRlbGV0ZSI6MzAwMDAwMDAwMDAwLCJ1cGRhdGUiOjEyMDAwMDAwMDAwMH19",
          "dependencies": [
            "module.aws_vpc.aws_vpc.custom_vpc"
          ]
        }
      ]
    },
    {
      "module": "module.aws_vpc",
      "mode": "managed",
      "type": "aws_route_table_association",
      "name": "assoc_private_routes",
      "provider": "module.aws_vpc.provider[\"registry.terraform.io/hashicorp/aws\"]",
      "instances": [
        {
          "index_key": 0,
          "schema_version": 0,
          "attributes": {
            "gateway_id": "",
            "id": "rtbassoc-0d7aca4742f162242",
            "route_table_id": "rtb-0ac2bc9f18bee3238",
            "subnet_id": "subnet-0e128ec33097fb11b"
          },
          "sensitive_attributes": [],
          "private": "bnVsbA==",
          "dependencies": [
            "module.aws_vpc.aws_route_table.private_tables",
            "module.aws_vpc.aws_subnet.private_subnets",
            "module.aws_vpc.aws_vpc.custom_vpc"
          ]
        },
        {
          "index_key": 1,
          "schema_version": 0,
          "attributes": {
            "gateway_id": "",
            "id": "rtbassoc-016be0fbe5f42bac2",
            "route_table_id": "rtb-06de3c3992c3d6800",
            "subnet_id": "subnet-0bb417653370e3b0d"
          },
          "sensitive_attributes": [],
          "private": "bnVsbA==",
          "dependencies": [
            "module.aws_vpc.aws_route_table.private_tables",
            "module.aws_vpc.aws_subnet.private_subnets",
            "module.aws_vpc.aws_vpc.custom_vpc"
          ]
        }
      ]
    },
    {
      "module": "module.aws_vpc",
      "mode": "managed",
      "type": "aws_route_table_association",
      "name": "assoc_public_routes",
      "provider": "module.aws_vpc.provider[\"registry.terraform.io/hashicorp/aws\"]",
      "instances": [
        {
          "index_key": 0,
          "schema_version": 0,
          "attributes": {
            "gateway_id": "",
            "id": "rtbassoc-03311f64329875146",
            "route_table_id": "rtb-01b994bed192a5e10",
            "subnet_id": "subnet-0564a220edf14ef44"
          },
          "sensitive_attributes": [],
          "private": "bnVsbA==",
          "dependencies": [
            "module.aws_vpc.aws_route_table.public_table",
            "module.aws_vpc.aws_subnet.public_subnets",
            "module.aws_vpc.aws_vpc.custom_vpc"
          ]
        },
        {
          "index_key": 1,
          "schema_version": 0,
          "attributes": {
            "gateway_id": "",
            "id": "rtbassoc-0dd30e3b303024a31",
            "route_table_id": "rtb-01b994bed192a5e10",
            "subnet_id": "subnet-0b324e15ab8f01d86"
          },
          "sensitive_attributes": [],
          "private": "bnVsbA==",
          "dependencies": [
            "module.aws_vpc.aws_route_table.public_table",
            "module.aws_vpc.aws_subnet.public_subnets",
            "module.aws_vpc.aws_vpc.custom_vpc"
          ]
        }
      ]
    },
    {
      "module": "module.aws_vpc",
      "mode": "managed",
      "type": "aws_security_group",
      "name": "sec_groups",
      "provider": "module.aws_vpc.provider[\"registry.terraform.io/hashicorp/aws\"]",
      "instances": [
        {
          "index_key": "custom-security-group",
          "schema_version": 1,
          "attributes": {
            "arn": "arn:aws:ec2:us-east-1:982063376835:security-group/sg-0c71767a2ac57ccab",
            "description": "Inbound \u0026 Outbound traffic for custom-security-group",
            "egress": [
              {
                "cidr_blocks": [
                  "0.0.0.0/0"
                ],
                "description": "Allow all outbound traffic",
                "from_port": 0,
                "ipv6_cidr_blocks": [
                  "::/0"
                ],
                "prefix_list_ids": [],
                "protocol": "-1",
                "security_groups": [],
                "self": false,
                "to_port": 0
              }
            ],
            "id": "sg-0c71767a2ac57ccab",
            "ingress": [
              {
                "cidr_blocks": [
                  "0.0.0.0/0"
                ],
                "description": "Allow HTTP",
                "from_port": 80,
                "ipv6_cidr_blocks": [],
                "prefix_list_ids": [],
                "protocol": "tcp",
                "security_groups": [],
                "self": false,
                "to_port": 80
              },
              {
                "cidr_blocks": [
                  "0.0.0.0/0"
                ],
                "description": "Allow HTTPS",
                "from_port": 443,
                "ipv6_cidr_blocks": [],
                "prefix_list_ids": [],
                "protocol": "tcp",
                "security_groups": [],
                "self": false,
                "to_port": 443
              }
            ],
            "name": "custom-security-group",
            "name_prefix": "",
            "owner_id": "982063376835",
            "revoke_rules_on_delete": false,
            "tags": {},
            "tags_all": {},
            "timeouts": null,
            "vpc_id": "vpc-081eb28a7eb606c26"
          },
          "sensitive_attributes": [],
          "private": "eyJlMmJmYjczMC1lY2FhLTExZTYtOGY4OC0zNDM2M2JjN2M0YzAiOnsiY3JlYXRlIjo2MDAwMDAwMDAwMDAsImRlbGV0ZSI6OTAwMDAwMDAwMDAwfSwic2NoZW1hX3ZlcnNpb24iOiIxIn0=",
          "dependencies": [
            "module.aws_vpc.aws_vpc.custom_vpc"
          ]
        }
      ]
    },
    {
      "module": "module.aws_vpc",
      "mode": "managed",
      "type": "aws_subnet",
      "name": "private_subnets",
      "provider": "module.aws_vpc.provider[\"registry.terraform.io/hashicorp/aws\"]",
      "instances": [
        {
          "index_key": 0,
          "schema_version": 1,
          "attributes": {
            "arn": "arn:aws:ec2:us-east-1:982063376835:subnet/subnet-0e128ec33097fb11b",
            "assign_ipv6_address_on_creation": false,
            "availability_zone": "us-east-1a",
            "availability_zone_id": "use1-az1",
            "cidr_block": "141.0.3.0/24",
            "customer_owned_ipv4_pool": "",
            "enable_dns64": false,
            "enable_resource_name_dns_a_record_on_launch": false,
            "enable_resource_name_dns_aaaa_record_on_launch": false,
            "id": "subnet-0e128ec33097fb11b",
            "ipv6_cidr_block": "",
            "ipv6_cidr_block_association_id": "",
            "ipv6_native": false,
            "map_customer_owned_ip_on_launch": false,
            "map_public_ip_on_launch": false,
            "outpost_arn": "",
            "owner_id": "982063376835",
            "private_dns_hostname_type_on_launch": "ip-name",
            "tags": {
              "Name": "private_subnet-0"
            },
            "tags_all": {
              "Name": "private_subnet-0"
            },
            "timeouts": null,
            "vpc_id": "vpc-081eb28a7eb606c26"
          },
          "sensitive_attributes": [],
          "private": "eyJlMmJmYjczMC1lY2FhLTExZTYtOGY4OC0zNDM2M2JjN2M0YzAiOnsiY3JlYXRlIjo2MDAwMDAwMDAwMDAsImRlbGV0ZSI6MTIwMDAwMDAwMDAwMH0sInNjaGVtYV92ZXJzaW9uIjoiMSJ9",
          "dependencies": [
            "module.aws_vpc.aws_vpc.custom_vpc"
          ]
        },
        {
          "index_key": 1,
          "schema_version": 1,
          "attributes": {
            "arn": "arn:aws:ec2:us-east-1:982063376835:subnet/subnet-0bb417653370e3b0d",
            "assign_ipv6_address_on_creation": false,
            "availability_zone": "us-east-1b",
            "availability_zone_id": "use1-az2",
            "cidr_block": "141.0.4.0/24",
            "customer_owned_ipv4_pool": "",
            "enable_dns64": false,
            "enable_resource_name_dns_a_record_on_launch": false,
            "enable_resource_name_dns_aaaa_record_on_launch": false,
            "id": "subnet-0bb417653370e3b0d",
            "ipv6_cidr_block": "",
            "ipv6_cidr_block_association_id": "",
            "ipv6_native": false,
            "map_customer_owned_ip_on_launch": false,
            "map_public_ip_on_launch": false,
            "outpost_arn": "",
            "owner_id": "982063376835",
            "private_dns_hostname_type_on_launch": "ip-name",
            "tags": {
              "Name": "private_subnet-1"
            },
            "tags_all": {
              "Name": "private_subnet-1"
            },
            "timeouts": null,
            "vpc_id": "vpc-081eb28a7eb606c26"
          },
          "sensitive_attributes": [],
          "private": "eyJlMmJmYjczMC1lY2FhLTExZTYtOGY4OC0zNDM2M2JjN2M0YzAiOnsiY3JlYXRlIjo2MDAwMDAwMDAwMDAsImRlbGV0ZSI6MTIwMDAwMDAwMDAwMH0sInNjaGVtYV92ZXJzaW9uIjoiMSJ9",
          "dependencies": [
            "module.aws_vpc.aws_vpc.custom_vpc"
          ]
        }
      ]
    },
    {
      "module": "module.aws_vpc",
      "mode": "managed",
      "type": "aws_subnet",
      "name": "public_subnets",
      "provider": "module.aws_vpc.provider[\"registry.terraform.io/hashicorp/aws\"]",
      "instances": [
        {
          "index_key": 0,
          "schema_version": 1,
          "attributes": {
            "arn": "arn:aws:ec2:us-east-1:982063376835:subnet/subnet-0564a220edf14ef44",
            "assign_ipv6_address_on_creation": false,
            "availability_zone": "us-east-1a",
            "availability_zone_id": "use1-az1",
            "cidr_block": "141.0.1.0/24",
            "customer_owned_ipv4_pool": "",
            "enable_dns64": false,
            "enable_resource_name_dns_a_record_on_launch": false,
            "enable_resource_name_dns_aaaa_record_on_launch": false,
            "id": "subnet-0564a220edf14ef44",
            "ipv6_cidr_block": "",
            "ipv6_cidr_block_association_id": "",
            "ipv6_native": false,
            "map_customer_owned_ip_on_launch": false,
            "map_public_ip_on_launch": true,
            "outpost_arn": "",
            "owner_id": "982063376835",
            "private_dns_hostname_type_on_launch": "ip-name",
            "tags": {
              "Name": "public_subnet-0"
            },
            "tags_all": {
              "Name": "public_subnet-0"
            },
            "timeouts": null,
            "vpc_id": "vpc-081eb28a7eb606c26"
          },
          "sensitive_attributes": [],
          "private": "eyJlMmJmYjczMC1lY2FhLTExZTYtOGY4OC0zNDM2M2JjN2M0YzAiOnsiY3JlYXRlIjo2MDAwMDAwMDAwMDAsImRlbGV0ZSI6MTIwMDAwMDAwMDAwMH0sInNjaGVtYV92ZXJzaW9uIjoiMSJ9",
          "dependencies": [
            "module.aws_vpc.aws_vpc.custom_vpc"
          ]
        },
        {
          "index_key": 1,
          "schema_version": 1,
          "attributes": {
            "arn": "arn:aws:ec2:us-east-1:982063376835:subnet/subnet-0b324e15ab8f01d86",
            "assign_ipv6_address_on_creation": false,
            "availability_zone": "us-east-1b",
            "availability_zone_id": "use1-az2",
            "cidr_block": "141.0.2.0/24",
            "customer_owned_ipv4_pool": "",
            "enable_dns64": false,
            "enable_resource_name_dns_a_record_on_launch": false,
            "enable_resource_name_dns_aaaa_record_on_launch": false,
            "id": "subnet-0b324e15ab8f01d86",
            "ipv6_cidr_block": "",
            "ipv6_cidr_block_association_id": "",
            "ipv6_native": false,
            "map_customer_owned_ip_on_launch": false,
            "map_public_ip_on_launch": true,
            "outpost_arn": "",
            "owner_id": "982063376835",
            "private_dns_hostname_type_on_launch": "ip-name",
            "tags": {
              "Name": "public_subnet-1"
            },
            "tags_all": {
              "Name": "public_subnet-1"
            },
            "timeouts": null,
            "vpc_id": "vpc-081eb28a7eb606c26"
          },
          "sensitive_attributes": [],
          "private": "eyJlMmJmYjczMC1lY2FhLTExZTYtOGY4OC0zNDM2M2JjN2M0YzAiOnsiY3JlYXRlIjo2MDAwMDAwMDAwMDAsImRlbGV0ZSI6MTIwMDAwMDAwMDAwMH0sInNjaGVtYV92ZXJzaW9uIjoiMSJ9",
          "dependencies": [
            "module.aws_vpc.aws_vpc.custom_vpc"
          ]
        }
      ]
    },
    {
      "module": "module.aws_vpc",
      "mode": "managed",
      "type": "aws_vpc",
      "name": "custom_vpc",
      "provider": "module.aws_vpc.provider[\"registry.terraform.io/hashicorp/aws\"]",
      "instances": [
        {
          "schema_version": 1,
          "attributes": {
            "arn": "arn:aws:ec2:us-east-1:982063376835:vpc/vpc-081eb28a7eb606c26",
            "assign_generated_ipv6_cidr_block": false,
            "cidr_block": "141.0.0.0/16",
            "default_network_acl_id": "acl-08cfe10b57d576a8f",
            "default_route_table_id": "rtb-0adbff7c7cab639ed",
            "default_security_group_id": "sg-0fbf68a62012cf7b2",
            "dhcp_options_id": "dopt-09a260f72d16e313f",
            "enable_classiclink": false,
            "enable_classiclink_dns_support": false,
            "enable_dns_hostnames": false,
            "enable_dns_support": true,
            "enable_network_address_usage_metrics": false,
            "id": "vpc-081eb28a7eb606c26",
            "instance_tenancy": "default",
            "ipv4_ipam_pool_id": null,
            "ipv4_netmask_length": null,
            "ipv6_association_id": "",
            "ipv6_cidr_block": "",
            "ipv6_cidr_block_network_border_group": "",
            "ipv6_ipam_pool_id": "",
            "ipv6_netmask_length": 0,
            "main_route_table_id": "rtb-0adbff7c7cab639ed",
            "owner_id": "982063376835",
            "tags": {
              "Name": "terraform-vpc"
            },
            "tags_all": {
              "Name": "terraform-vpc"
            }
          },
          "sensitive_attributes": [],
          "private": "eyJzY2hlbWFfdmVyc2lvbiI6IjEifQ=="
        }
      ]
    }
  ]
}
